
Microsoft Visual Studio Solution File, Format Version 12.00
# Visual Studio 15
VisualStudioVersion = 15.0.27130.2020
MinimumVisualStudioVersion = 10.0.40219.1
Project("{9A19103F-16F7-4668-BE54-9A1E7A4F7556}") = "SmartHome", "SmartHome.csproj", "{55D16AF8-EB42-4C9F-9570-D466786D9D47}"
EndProject
Global
	GlobalSection(SolutionConfigurationPlatforms) = preSolution
		Debug|Any CPU = Debug|Any CPU
		Release|Any CPU = Release|Any CPU
	EndGlobalSection
	GlobalSection(ProjectConfigurationPlatforms) = postSolution
		{55D16AF8-EB42-4C9F-9570-D466786D9D47}.Debug|Any CPU.ActiveCfg = Debug|Any CPU
		{55D16AF8-EB42-4C9F-9570-D466786D9D47}.Debug|Any CPU.Build.0 = Debug|Any CPU
		{55D16AF8-EB42-4C9F-9570-D466786D9D47}.Release|Any CPU.ActiveCfg = Release|Any CPU
		{55D16AF8-EB42-4C9F-9570-D466786D9D47}.Release|Any CPU.Build.0 = Release|Any CPU
	EndGlobalSection
	GlobalSection(SolutionProperties) = preSolution
		HideSolutionNode = FALSE
	EndGlobalSection
	GlobalSection(ExtensibilityGlobals) = postSolution
		SolutionGuid = {587074FC-43F0-4A0F-AE12-52658F8673EB}
	EndGlobalSection
EndGlobal
